
Microsoft Visual Studio Solution File, Format Version 12.00
# Visual Studio Version 16
VisualStudioVersion = 16.0.30717.126
MinimumVisualStudioVersion = 10.0.40219.1
Project("{FAE04EC0-301F-11D3-BF4B-00C04F79EFBC}") = "WebApplication5", "WebApplication5\WebApplication5.csproj", "{D87C052D-99FB-4BFB-8260-627AC5E11DF6}"
EndProject
Global
	GlobalSection(SolutionConfigurationPlatforms) = preSolution
		Debug|Any CPU = Debug|Any CPU
		Release|Any CPU = Release|Any CPU
	EndGlobalSection
	GlobalSection(ProjectConfigurationPlatforms) = postSolution
		{D87C052D-99FB-4BFB-8260-627AC5E11DF6}.Debug|Any CPU.ActiveCfg = Debug|Any CPU
		{D87C052D-99FB-4BFB-8260-627AC5E11DF6}.Debug|Any CPU.Build.0 = Debug|Any CPU
		{D87C052D-99FB-4BFB-8260-627AC5E11DF6}.Release|Any CPU.ActiveCfg = Release|Any CPU
		{D87C052D-99FB-4BFB-8260-627AC5E11DF6}.Release|Any CPU.Build.0 = Release|Any CPU
	EndGlobalSection
	GlobalSection(SolutionProperties) = preSolution
		HideSolutionNode = FALSE
	EndGlobalSection
	GlobalSection(ExtensibilityGlobals) = postSolution
		SolutionGuid = {54B9D54E-F109-4149-80C5-310505BF352C}
	EndGlobalSection
EndGlobal
